// !$*UTF8*$!
{
	archiveVersion = 1;
	classes = {
	};
	objectVersion = 77;
	objects = {

/* Begin PBXBuildFile section */
		04B0CFB2601B047AC09AF9D9 /* Pods_AllTrailsMapSearchDemoStoryboard.framework in Frameworks */ = {isa = PBXBuildFile; fileRef = 33402FC4963380674C3CFDF2 /* Pods_AllTrailsMapSearchDemoStoryboard.framework */; };
		31B1D0071786A89B3A142477 /* Pods_AllTrailsMapSearchDemoStoryboardTests.framework in Frameworks */ = {isa = PBXBuildFile; fileRef = 7E58A188AE57EE87192A4E48 /* Pods_AllTrailsMapSearchDemoStoryboardTests.framework */; };
		975D035521B0D09C62648415 /* Pods_AllTrailsMapSearchDemoStoryboard_AllTrailsMapSearchDemoStoryboardUITests.framework in Frameworks */ = {isa = PBXBuildFile; fileRef = 1255F6874167F9DC51B46A9C /* Pods_AllTrailsMapSearchDemoStoryboard_AllTrailsMapSearchDemoStoryboardUITests.framework */; };
/* End PBXBuildFile section */

/* Begin PBXContainerItemProxy section */
		994F6C922EC698E50093A5B5 /* PBXContainerItemProxy */ = {
			isa = PBXContainerItemProxy;
			containerPortal = 994F6C732EC698E30093A5B5 /* Project object */;
			proxyType = 1;
			remoteGlobalIDString = 994F6C7A2EC698E30093A5B5;
			remoteInfo = AllTrailsMapSearchDemoStoryboard;
		};
		994F6C9C2EC698E50093A5B5 /* PBXContainerItemProxy */ = {
			isa = PBXContainerItemProxy;
			containerPortal = 994F6C732EC698E30093A5B5 /* Project object */;
			proxyType = 1;
			remoteGlobalIDString = 994F6C7A2EC698E30093A5B5;
			remoteInfo = AllTrailsMapSearchDemoStoryboard;
		};
/* End PBXContainerItemProxy section */

/* Begin PBXFileReference section */
		1255F6874167F9DC51B46A9C /* Pods_AllTrailsMapSearchDemoStoryboard_AllTrailsMapSearchDemoStoryboardUITests.framework */ = {isa = PBXFileReference; explicitFileType = wrapper.framework; includeInIndex = 0; path = Pods_AllTrailsMapSearchDemoStoryboard_AllTrailsMapSearchDemoStoryboardUITests.framework; sourceTree = BUILT_PRODUCTS_DIR; };
		1E576438B0E0C447205A3E3B /* Pods-AllTrailsMapSearchDemoStoryboardTests.debug.xcconfig */ = {isa = PBXFileReference; includeInIndex = 1; lastKnownFileType = text.xcconfig; name = "Pods-AllTrailsMapSearchDemoStoryboardTests.debug.xcconfig"; path = "Target Support Files/Pods-AllTrailsMapSearchDemoStoryboardTests/Pods-AllTrailsMapSearchDemoStoryboardTests.debug.xcconfig"; sourceTree = "<group>"; };
		33402FC4963380674C3CFDF2 /* Pods_AllTrailsMapSearchDemoStoryboard.framework */ = {isa = PBXFileReference; explicitFileType = wrapper.framework; includeInIndex = 0; path = Pods_AllTrailsMapSearchDemoStoryboard.framework; sourceTree = BUILT_PRODUCTS_DIR; };
		3402C01180B1764720ACA8BC /* Pods-AllTrailsMapSearchDemoStoryboard.debug.xcconfig */ = {isa = PBXFileReference; includeInIndex = 1; lastKnownFileType = text.xcconfig; name = "Pods-AllTrailsMapSearchDemoStoryboard.debug.xcconfig"; path = "Target Support Files/Pods-AllTrailsMapSearchDemoStoryboard/Pods-AllTrailsMapSearchDemoStoryboard.debug.xcconfig"; sourceTree = "<group>"; };
		7E58A188AE57EE87192A4E48 /* Pods_AllTrailsMapSearchDemoStoryboardTests.framework */ = {isa = PBXFileReference; explicitFileType = wrapper.framework; includeInIndex = 0; path = Pods_AllTrailsMapSearchDemoStoryboardTests.framework; sourceTree = BUILT_PRODUCTS_DIR; };
		950719F5E7860E68190A3DF7 /* Pods-AllTrailsMapSearchDemoStoryboardTests.release.xcconfig */ = {isa = PBXFileReference; includeInIndex = 1; lastKnownFileType = text.xcconfig; name = "Pods-AllTrailsMapSearchDemoStoryboardTests.release.xcconfig"; path = "Target Support Files/Pods-AllTrailsMapSearchDemoStoryboardTests/Pods-AllTrailsMapSearchDemoStoryboardTests.release.xcconfig"; sourceTree = "<group>"; };
		994F6C7B2EC698E30093A5B5 /* AllTrailsMapSearchDemoStoryboard.app */ = {isa = PBXFileReference; explicitFileType = wrapper.application; includeInIndex = 0; path = AllTrailsMapSearchDemoStoryboard.app; sourceTree = BUILT_PRODUCTS_DIR; };
		994F6C912EC698E50093A5B5 /* AllTrailsMapSearchDemoStoryboardTests.xctest */ = {isa = PBXFileReference; explicitFileType = wrapper.cfbundle; includeInIndex = 0; path = AllTrailsMapSearchDemoStoryboardTests.xctest; sourceTree = BUILT_PRODUCTS_DIR; };
		994F6C9B2EC698E50093A5B5 /* AllTrailsMapSearchDemoStoryboardUITests.xctest */ = {isa = PBXFileReference; explicitFileType = wrapper.cfbundle; includeInIndex = 0; path = AllTrailsMapSearchDemoStoryboardUITests.xctest; sourceTree = BUILT_PRODUCTS_DIR; };
		B663F215B49C70A162C27020 /* Pods-AllTrailsMapSearchDemoStoryboard.release.xcconfig */ = {isa = PBXFileReference; includeInIndex = 1; lastKnownFileType = text.xcconfig; name = "Pods-AllTrailsMapSearchDemoStoryboard.release.xcconfig"; path = "Target Support Files/Pods-AllTrailsMapSearchDemoStoryboard/Pods-AllTrailsMapSearchDemoStoryboard.release.xcconfig"; sourceTree = "<group>"; };
		B66B15E46F551998BABFD840 /* Pods-AllTrailsMapSearchDemoStoryboard-AllTrailsMapSearchDemoStoryboardUITests.debug.xcconfig */ = {isa = PBXFileReference; includeInIndex = 1; lastKnownFileType = text.xcconfig; name = "Pods-AllTrailsMapSearchDemoStoryboard-AllTrailsMapSearchDemoStoryboardUITests.debug.xcconfig"; path = "Target Support Files/Pods-AllTrailsMapSearchDemoStoryboard-AllTrailsMapSearchDemoStoryboardUITests/Pods-AllTrailsMapSearchDemoStoryboard-AllTrailsMapSearchDemoStoryboardUITests.debug.xcconfig"; sourceTree = "<group>"; };
		C9FA9DA95B3E68B8F9AB4053 /* Pods-AllTrailsMapSearchDemoStoryboard-AllTrailsMapSearchDemoStoryboardUITests.release.xcconfig */ = {isa = PBXFileReference; includeInIndex = 1; lastKnownFileType = text.xcconfig; name = "Pods-AllTrailsMapSearchDemoStoryboard-AllTrailsMapSearchDemoStoryboardUITests.release.xcconfig"; path = "Target Support Files/Pods-AllTrailsMapSearchDemoStoryboard-AllTrailsMapSearchDemoStoryboardUITests/Pods-AllTrailsMapSearchDemoStoryboard-AllTrailsMapSearchDemoStoryboardUITests.release.xcconfig"; sourceTree = "<group>"; };
/* End PBXFileReference section */

/* Begin PBXFileSystemSynchronizedBuildFileExceptionSet section */
		994F6CA32EC698E50093A5B5 /* Exceptions for "AllTrailsMapSearchDemoStoryboard" folder in "AllTrailsMapSearchDemoStoryboard" target */ = {
			isa = PBXFileSystemSynchronizedBuildFileExceptionSet;
			membershipExceptions = (
				Info.plist,
			);
			target = 994F6C7A2EC698E30093A5B5 /* AllTrailsMapSearchDemoStoryboard */;
		};
/* End PBXFileSystemSynchronizedBuildFileExceptionSet section */

/* Begin PBXFileSystemSynchronizedRootGroup section */
		994F6C7D2EC698E30093A5B5 /* AllTrailsMapSearchDemoStoryboard */ = {
			isa = PBXFileSystemSynchronizedRootGroup;
			exceptions = (
				994F6CA32EC698E50093A5B5 /* Exceptions for "AllTrailsMapSearchDemoStoryboard" folder in "AllTrailsMapSearchDemoStoryboard" target */,
			);
			path = AllTrailsMapSearchDemoStoryboard;
			sourceTree = "<group>";
		};
		994F6C942EC698E50093A5B5 /* AllTrailsMapSearchDemoStoryboardTests */ = {
			isa = PBXFileSystemSynchronizedRootGroup;
			path = AllTrailsMapSearchDemoStoryboardTests;
			sourceTree = "<group>";
		};
		994F6C9E2EC698E50093A5B5 /* AllTrailsMapSearchDemoStoryboardUITests */ = {
			isa = PBXFileSystemSynchronizedRootGroup;
			path = AllTrailsMapSearchDemoStoryboardUITests;
			sourceTree = "<group>";
		};
/* End PBXFileSystemSynchronizedRootGroup section */

/* Begin PBXFrameworksBuildPhase section */
		994F6C782EC698E30093A5B5 /* Frameworks */ = {
			isa = PBXFrameworksBuildPhase;
			buildActionMask = 2147483647;
			files = (
				04B0CFB2601B047AC09AF9D9 /* Pods_AllTrailsMapSearchDemoStoryboard.framework in Frameworks */,
			);
			runOnlyForDeploymentPostprocessing = 0;
		};
		994F6C8E2EC698E50093A5B5 /* Frameworks */ = {
			isa = PBXFrameworksBuildPhase;
			buildActionMask = 2147483647;
			files = (
				31B1D0071786A89B3A142477 /* Pods_AllTrailsMapSearchDemoStoryboardTests.framework in Frameworks */,
			);
			runOnlyForDeploymentPostprocessing = 0;
		};
		994F6C982EC698E50093A5B5 /* Frameworks */ = {
			isa = PBXFrameworksBuildPhase;
			buildActionMask = 2147483647;
			files = (
				975D035521B0D09C62648415 /* Pods_AllTrailsMapSearchDemoStoryboard_AllTrailsMapSearchDemoStoryboardUITests.framework in Frameworks */,
			);
			runOnlyForDeploymentPostprocessing = 0;
		};
/* End PBXFrameworksBuildPhase section */

/* Begin PBXGroup section */
		948824F034C6DBE8F9F4CEB1 /* Pods */ = {
			isa = PBXGroup;
			children = (
				3402C01180B1764720ACA8BC /* Pods-AllTrailsMapSearchDemoStoryboard.debug.xcconfig */,
				B663F215B49C70A162C27020 /* Pods-AllTrailsMapSearchDemoStoryboard.release.xcconfig */,
				B66B15E46F551998BABFD840 /* Pods-AllTrailsMapSearchDemoStoryboard-AllTrailsMapSearchDemoStoryboardUITests.debug.xcconfig */,
				C9FA9DA95B3E68B8F9AB4053 /* Pods-AllTrailsMapSearchDemoStoryboard-AllTrailsMapSearchDemoStoryboardUITests.release.xcconfig */,
				1E576438B0E0C447205A3E3B /* Pods-AllTrailsMapSearchDemoStoryboardTests.debug.xcconfig */,
				950719F5E7860E68190A3DF7 /* Pods-AllTrailsMapSearchDemoStoryboardTests.release.xcconfig */,
			);
			path = Pods;
			sourceTree = "<group>";
		};
		994F6C722EC698E30093A5B5 = {
			isa = PBXGroup;
			children = (
				994F6C7D2EC698E30093A5B5 /* AllTrailsMapSearchDemoStoryboard */,
				994F6C942EC698E50093A5B5 /* AllTrailsMapSearchDemoStoryboardTests */,
				994F6C9E2EC698E50093A5B5 /* AllTrailsMapSearchDemoStoryboardUITests */,
				994F6C7C2EC698E30093A5B5 /* Products */,
				948824F034C6DBE8F9F4CEB1 /* Pods */,
				A8168C9E6E61924AE28BDBBC /* Frameworks */,
			);
			sourceTree = "<group>";
		};
		994F6C7C2EC698E30093A5B5 /* Products */ = {
			isa = PBXGroup;
			children = (
				994F6C7B2EC698E30093A5B5 /* AllTrailsMapSearchDemoStoryboard.app */,
				994F6C912EC698E50093A5B5 /* AllTrailsMapSearchDemoStoryboardTests.xctest */,
				994F6C9B2EC698E50093A5B5 /* AllTrailsMapSearchDemoStoryboardUITests.xctest */,
			);
			name = Products;
			sourceTree = "<group>";
		};
		A8168C9E6E61924AE28BDBBC /* Frameworks */ = {
			isa = PBXGroup;
			children = (
				33402FC4963380674C3CFDF2 /* Pods_AllTrailsMapSearchDemoStoryboard.framework */,
				1255F6874167F9DC51B46A9C /* Pods_AllTrailsMapSearchDemoStoryboard_AllTrailsMapSearchDemoStoryboardUITests.framework */,
				7E58A188AE57EE87192A4E48 /* Pods_AllTrailsMapSearchDemoStoryboardTests.framework */,
			);
			name = Frameworks;
			sourceTree = "<group>";
		};
/* End PBXGroup section */

/* Begin PBXNativeTarget section */
		994F6C7A2EC698E30093A5B5 /* AllTrailsMapSearchDemoStoryboard */ = {
			isa = PBXNativeTarget;
			buildConfigurationList = 994F6CA42EC698E50093A5B5 /* Build configuration list for PBXNativeTarget "AllTrailsMapSearchDemoStoryboard" */;
			buildPhases = (
				13059EB6012C26B9C9B3FB24 /* [CP] Check Pods Manifest.lock */,
				994F6C772EC698E30093A5B5 /* Sources */,
				994F6C782EC698E30093A5B5 /* Frameworks */,
				994F6C792EC698E30093A5B5 /* Resources */,
				3B9538050AB8619401765237 /* [CP] Copy Pods Resources */,
			);
			buildRules = (
			);
			dependencies = (
			);
			fileSystemSynchronizedGroups = (
				994F6C7D2EC698E30093A5B5 /* AllTrailsMapSearchDemoStoryboard */,
			);
			name = AllTrailsMapSearchDemoStoryboard;
			productName = AllTrailsMapSearchDemoStoryboard;
			productReference = 994F6C7B2EC698E30093A5B5 /* AllTrailsMapSearchDemoStoryboard.app */;
			productType = "com.apple.product-type.application";
		};
		994F6C902EC698E50093A5B5 /* AllTrailsMapSearchDemoStoryboardTests */ = {
			isa = PBXNativeTarget;
			buildConfigurationList = 994F6CA92EC698E50093A5B5 /* Build configuration list for PBXNativeTarget "AllTrailsMapSearchDemoStoryboardTests" */;
			buildPhases = (
				47536BE9E0BEEE731E8085F4 /* [CP] Check Pods Manifest.lock */,
				994F6C8D2EC698E50093A5B5 /* Sources */,
				994F6C8E2EC698E50093A5B5 /* Frameworks */,
				994F6C8F2EC698E50093A5B5 /* Resources */,
			);
			buildRules = (
			);
			dependencies = (
				994F6C932EC698E50093A5B5 /* PBXTargetDependency */,
			);
			fileSystemSynchronizedGroups = (
				994F6C942EC698E50093A5B5 /* AllTrailsMapSearchDemoStoryboardTests */,
			);
			name = AllTrailsMapSearchDemoStoryboardTests;
			productName = AllTrailsMapSearchDemoStoryboardTests;
			productReference = 994F6C912EC698E50093A5B5 /* AllTrailsMapSearchDemoStoryboardTests.xctest */;
			productType = "com.apple.product-type.bundle.unit-test";
		};
		994F6C9A2EC698E50093A5B5 /* AllTrailsMapSearchDemoStoryboardUITests */ = {
			isa = PBXNativeTarget;
			buildConfigurationList = 994F6CAC2EC698E50093A5B5 /* Build configuration list for PBXNativeTarget "AllTrailsMapSearchDemoStoryboardUITests" */;
			buildPhases = (
				FF07D4D8278EEF0EBA53BF32 /* [CP] Check Pods Manifest.lock */,
				994F6C972EC698E50093A5B5 /* Sources */,
				994F6C982EC698E50093A5B5 /* Frameworks */,
				994F6C992EC698E50093A5B5 /* Resources */,
				C8CC8F16E1555CBD0056CC72 /* [CP] Copy Pods Resources */,
			);
			buildRules = (
			);
			dependencies = (
				994F6C9D2EC698E50093A5B5 /* PBXTargetDependency */,
			);
			fileSystemSynchronizedGroups = (
				994F6C9E2EC698E50093A5B5 /* AllTrailsMapSearchDemoStoryboardUITests */,
			);
			name = AllTrailsMapSearchDemoStoryboardUITests;
			productName = AllTrailsMapSearchDemoStoryboardUITests;
			productReference = 994F6C9B2EC698E50093A5B5 /* AllTrailsMapSearchDemoStoryboardUITests.xctest */;
			productType = "com.apple.product-type.bundle.ui-testing";
		};
/* End PBXNativeTarget section */

/* Begin PBXProject section */
		994F6C732EC698E30093A5B5 /* Project object */ = {
			isa = PBXProject;
			attributes = {
				BuildIndependentTargetsInParallel = 1;
				LastSwiftUpdateCheck = 2600;
				LastUpgradeCheck = 2600;
				TargetAttributes = {
					994F6C7A2EC698E30093A5B5 = {
						CreatedOnToolsVersion = 26.0.1;
					};
					994F6C902EC698E50093A5B5 = {
						CreatedOnToolsVersion = 26.0.1;
						TestTargetID = 994F6C7A2EC698E30093A5B5;
					};
					994F6C9A2EC698E50093A5B5 = {
						CreatedOnToolsVersion = 26.0.1;
						TestTargetID = 994F6C7A2EC698E30093A5B5;
					};
				};
			};
			buildConfigurationList = 994F6C762EC698E30093A5B5 /* Build configuration list for PBXProject "AllTrailsMapSearchDemoStoryboard" */;
			developmentRegion = en;
			hasScannedForEncodings = 0;
			knownRegions = (
				en,
				Base,
			);
			mainGroup = 994F6C722EC698E30093A5B5;
			minimizedProjectReferenceProxies = 1;
			preferredProjectObjectVersion = 77;
			productRefGroup = 994F6C7C2EC698E30093A5B5 /* Products */;
			projectDirPath = "";
			projectRoot = "";
			targets = (
				994F6C7A2EC698E30093A5B5 /* AllTrailsMapSearchDemoStoryboard */,
				994F6C902EC698E50093A5B5 /* AllTrailsMapSearchDemoStoryboardTests */,
				994F6C9A2EC698E50093A5B5 /* AllTrailsMapSearchDemoStoryboardUITests */,
			);
		};
/* End PBXProject section */

/* Begin PBXResourcesBuildPhase section */
		994F6C792EC698E30093A5B5 /* Resources */ = {
			isa = PBXResourcesBuildPhase;
			buildActionMask = 2147483647;
			files = (
			);
			runOnlyForDeploymentPostprocessing = 0;
		};
		994F6C8F2EC698E50093A5B5 /* Resources */ = {
			isa = PBXResourcesBuildPhase;
			buildActionMask = 2147483647;
			files = (
			);
			runOnlyForDeploymentPostprocessing = 0;
		};
		994F6C992EC698E50093A5B5 /* Resources */ = {
			isa = PBXResourcesBuildPhase;
			buildActionMask = 2147483647;
			files = (
			);
			runOnlyForDeploymentPostprocessing = 0;
		};
/* End PBXResourcesBuildPhase section */

/* Begin PBXShellScriptBuildPhase section */
		13059EB6012C26B9C9B3FB24 /* [CP] Check Pods Manifest.lock */ = {
			isa = PBXShellScriptBuildPhase;
			buildActionMask = 2147483647;
			files = (
			);
			inputFileListPaths = (
			);
			inputPaths = (
				"${PODS_PODFILE_DIR_PATH}/Podfile.lock",
				"${PODS_ROOT}/Manifest.lock",
			);
			name = "[CP] Check Pods Manifest.lock";
			outputFileListPaths = (
			);
			outputPaths = (
				"$(DERIVED_FILE_DIR)/Pods-AllTrailsMapSearchDemoStoryboard-checkManifestLockResult.txt",
			);
			runOnlyForDeploymentPostprocessing = 0;
			shellPath = /bin/sh;
			shellScript = "diff \"${PODS_PODFILE_DIR_PATH}/Podfile.lock\" \"${PODS_ROOT}/Manifest.lock\" > /dev/null\nif [ $? != 0 ] ; then\n    # print error to STDERR\n    echo \"error: The sandbox is not in sync with the Podfile.lock. Run 'pod install' or update your CocoaPods installation.\" >&2\n    exit 1\nfi\n# This output is used by Xcode 'outputs' to avoid re-running this script phase.\necho \"SUCCESS\" > \"${SCRIPT_OUTPUT_FILE_0}\"\n";
			showEnvVarsInLog = 0;
		};
		3B9538050AB8619401765237 /* [CP] Copy Pods Resources */ = {
			isa = PBXShellScriptBuildPhase;
			buildActionMask = 2147483647;
			files = (
			);
			inputFileListPaths = (
				"${PODS_ROOT}/Target Support Files/Pods-AllTrailsMapSearchDemoStoryboard/Pods-AllTrailsMapSearchDemoStoryboard-resources-${CONFIGURATION}-input-files.xcfilelist",
			);
			inputPaths = (
			);
			name = "[CP] Copy Pods Resources";
			outputFileListPaths = (
				"${PODS_ROOT}/Target Support Files/Pods-AllTrailsMapSearchDemoStoryboard/Pods-AllTrailsMapSearchDemoStoryboard-resources-${CONFIGURATION}-output-files.xcfilelist",
			);
			outputPaths = (
			);
			runOnlyForDeploymentPostprocessing = 0;
			shellPath = /bin/sh;
			shellScript = "\"${PODS_ROOT}/Target Support Files/Pods-AllTrailsMapSearchDemoStoryboard/Pods-AllTrailsMapSearchDemoStoryboard-resources.sh\"\n";
			showEnvVarsInLog = 0;
		};
		47536BE9E0BEEE731E8085F4 /* [CP] Check Pods Manifest.lock */ = {
			isa = PBXShellScriptBuildPhase;
			buildActionMask = 2147483647;
			files = (
			);
			inputFileListPaths = (
			);
			inputPaths = (
				"${PODS_PODFILE_DIR_PATH}/Podfile.lock",
				"${PODS_ROOT}/Manifest.lock",
			);
			name = "[CP] Check Pods Manifest.lock";
			outputFileListPaths = (
			);
			outputPaths = (
				"$(DERIVED_FILE_DIR)/Pods-AllTrailsMapSearchDemoStoryboardTests-checkManifestLockResult.txt",
			);
			runOnlyForDeploymentPostprocessing = 0;
			shellPath = /bin/sh;
			shellScript = "diff \"${PODS_PODFILE_DIR_PATH}/Podfile.lock\" \"${PODS_ROOT}/Manifest.lock\" > /dev/null\nif [ $? != 0 ] ; then\n    # print error to STDERR\n    echo \"error: The sandbox is not in sync with the Podfile.lock. Run 'pod install' or update your CocoaPods installation.\" >&2\n    exit 1\nfi\n# This output is used by Xcode 'outputs' to avoid re-running this script phase.\necho \"SUCCESS\" > \"${SCRIPT_OUTPUT_FILE_0}\"\n";
			showEnvVarsInLog = 0;
		};
		C8CC8F16E1555CBD0056CC72 /* [CP] Copy Pods Resources */ = {
			isa = PBXShellScriptBuildPhase;
			buildActionMask = 2147483647;
			files = (
			);
			inputFileListPaths = (
				"${PODS_ROOT}/Target Support Files/Pods-AllTrailsMapSearchDemoStoryboard-AllTrailsMapSearchDemoStoryboardUITests/Pods-AllTrailsMapSearchDemoStoryboard-AllTrailsMapSearchDemoStoryboardUITests-resources-${CONFIGURATION}-input-files.xcfilelist",
			);
			inputPaths = (
			);
			name = "[CP] Copy Pods Resources";
			outputFileListPaths = (
				"${PODS_ROOT}/Target Support Files/Pods-AllTrailsMapSearchDemoStoryboard-AllTrailsMapSearchDemoStoryboardUITests/Pods-AllTrailsMapSearchDemoStoryboard-AllTrailsMapSearchDemoStoryboardUITests-resources-${CONFIGURATION}-output-files.xcfilelist",
			);
			outputPaths = (
			);
			runOnlyForDeploymentPostprocessing = 0;
			shellPath = /bin/sh;
			shellScript = "\"${PODS_ROOT}/Target Support Files/Pods-AllTrailsMapSearchDemoStoryboard-AllTrailsMapSearchDemoStoryboardUITests/Pods-AllTrailsMapSearchDemoStoryboard-AllTrailsMapSearchDemoStoryboardUITests-resources.sh\"\n";
			showEnvVarsInLog = 0;
		};
		FF07D4D8278EEF0EBA53BF32 /* [CP] Check Pods Manifest.lock */ = {
			isa = PBXShellScriptBuildPhase;
			buildActionMask = 2147483647;
			files = (
			);
			inputFileListPaths = (
			);
			inputPaths = (
				"${PODS_PODFILE_DIR_PATH}/Podfile.lock",
				"${PODS_ROOT}/Manifest.lock",
			);
			name = "[CP] Check Pods Manifest.lock";
			outputFileListPaths = (
			);
			outputPaths = (
				"$(DERIVED_FILE_DIR)/Pods-AllTrailsMapSearchDemoStoryboard-AllTrailsMapSearchDemoStoryboardUITests-checkManifestLockResult.txt",
			);
			runOnlyForDeploymentPostprocessing = 0;
			shellPath = /bin/sh;
			shellScript = "diff \"${PODS_PODFILE_DIR_PATH}/Podfile.lock\" \"${PODS_ROOT}/Manifest.lock\" > /dev/null\nif [ $? != 0 ] ; then\n    # print error to STDERR\n    echo \"error: The sandbox is not in sync with the Podfile.lock. Run 'pod install' or update your CocoaPods installation.\" >&2\n    exit 1\nfi\n# This output is used by Xcode 'outputs' to avoid re-running this script phase.\necho \"SUCCESS\" > \"${SCRIPT_OUTPUT_FILE_0}\"\n";
			showEnvVarsInLog = 0;
		};
/* End PBXShellScriptBuildPhase section */

/* Begin PBXSourcesBuildPhase section */
		994F6C772EC698E30093A5B5 /* Sources */ = {
			isa = PBXSourcesBuildPhase;
			buildActionMask = 2147483647;
			files = (
			);
			runOnlyForDeploymentPostprocessing = 0;
		};
		994F6C8D2EC698E50093A5B5 /* Sources */ = {
			isa = PBXSourcesBuildPhase;
			buildActionMask = 2147483647;
			files = (
			);
			runOnlyForDeploymentPostprocessing = 0;
		};
		994F6C972EC698E50093A5B5 /* Sources */ = {
			isa = PBXSourcesBuildPhase;
			buildActionMask = 2147483647;
			files = (
			);
			runOnlyForDeploymentPostprocessing = 0;
		};
/* End PBXSourcesBuildPhase section */

/* Begin PBXTargetDependency section */
		994F6C932EC698E50093A5B5 /* PBXTargetDependency */ = {
			isa = PBXTargetDependency;
			target = 994F6C7A2EC698E30093A5B5 /* AllTrailsMapSearchDemoStoryboard */;
			targetProxy = 994F6C922EC698E50093A5B5 /* PBXContainerItemProxy */;
		};
		994F6C9D2EC698E50093A5B5 /* PBXTargetDependency */ = {
			isa = PBXTargetDependency;
			target = 994F6C7A2EC698E30093A5B5 /* AllTrailsMapSearchDemoStoryboard */;
			targetProxy = 994F6C9C2EC698E50093A5B5 /* PBXContainerItemProxy */;
		};
/* End PBXTargetDependency section */

/* Begin XCBuildConfiguration section */
		994F6CA52EC698E50093A5B5 /* Debug */ = {
			isa = XCBuildConfiguration;
			baseConfigurationReference = 3402C01180B1764720ACA8BC /* Pods-AllTrailsMapSearchDemoStoryboard.debug.xcconfig */;
			buildSettings = {
				ASSETCATALOG_COMPILER_APPICON_NAME = AppIcon;
				ASSETCATALOG_COMPILER_GLOBAL_ACCENT_COLOR_NAME = AccentColor;
				CODE_SIGN_STYLE = Automatic;
				CURRENT_PROJECT_VERSION = 1;
				DEVELOPMENT_TEAM = ZZ8VPJ5696;
				GENERATE_INFOPLIST_FILE = YES;
				INFOPLIST_FILE = AllTrailsMapSearchDemoStoryboard/Info.plist;
				INFOPLIST_KEY_UIApplicationSupportsIndirectInputEvents = YES;
				INFOPLIST_KEY_UILaunchStoryboardName = LaunchScreen;
				INFOPLIST_KEY_UIMainStoryboardFile = Main;
				INFOPLIST_KEY_UISupportedInterfaceOrientations_iPad = "UIInterfaceOrientationPortrait UIInterfaceOrientationPortraitUpsideDown UIInterfaceOrientationLandscapeLeft UIInterfaceOrientationLandscapeRight";
				INFOPLIST_KEY_UISupportedInterfaceOrientations_iPhone = "UIInterfaceOrientationPortrait UIInterfaceOrientationLandscapeLeft UIInterfaceOrientationLandscapeRight";
				LD_RUNPATH_SEARCH_PATHS = (
					"$(inherited)",
					"@executable_path/Frameworks",
				);
				MARKETING_VERSION = 1.0;
				PRODUCT_BUNDLE_IDENTIFIER = DanielSpady.AllTrailsMapSearchDemoStoryboard;
				PRODUCT_NAME = "$(TARGET_NAME)";
				STRING_CATALOG_GENERATE_SYMBOLS = YES;
				SWIFT_APPROACHABLE_CONCURRENCY = YES;
				SWIFT_DEFAULT_ACTOR_ISOLATION = MainActor;
				SWIFT_EMIT_LOC_STRINGS = YES;
				SWIFT_UPCOMING_FEATURE_MEMBER_IMPORT_VISIBILITY = YES;
				SWIFT_VERSION = 5.0;
				TARGETED_DEVICE_FAMILY = "1,2";
			};
			name = Debug;
		};
		994F6CA62EC698E50093A5B5 /* Release */ = {
			isa = XCBuildConfiguration;
			baseConfigurationReference = B663F215B49C70A162C27020 /* Pods-AllTrailsMapSearchDemoStoryboard.release.xcconfig */;
			buildSettings = {
				ASSETCATALOG_COMPILER_APPICON_NAME = AppIcon;
				ASSETCATALOG_COMPILER_GLOBAL_ACCENT_COLOR_NAME = AccentColor;
				CODE_SIGN_STYLE = Automatic;
				CURRENT_PROJECT_VERSION = 1;
				DEVELOPMENT_TEAM = ZZ8VPJ5696;
				GENERATE_INFOPLIST_FILE = YES;
				INFOPLIST_FILE = AllTrailsMapSearchDemoStoryboard/Info.plist;
				INFOPLIST_KEY_UIApplicationSupportsIndirectInputEvents = YES;
				INFOPLIST_KEY_UILaunchStoryboardName = LaunchScreen;
				INFOPLIST_KEY_UIMainStoryboardFile = Main;
				INFOPLIST_KEY_UISupportedInterfaceOrientations_iPad = "UIInterfaceOrientationPortrait UIInterfaceOrientationPortraitUpsideDown UIInterfaceOrientationLandscapeLeft UIInterfaceOrientationLandscapeRight";
				INFOPLIST_KEY_UISupportedInterfaceOrientations_iPhone = "UIInterfaceOrientationPortrait UIInterfaceOrientationLandscapeLeft UIInterfaceOrientationLandscapeRight";
				LD_RUNPATH_SEARCH_PATHS = (
					"$(inherited)",
					"@executable_path/Frameworks",
				);
				MARKETING_VERSION = 1.0;
				PRODUCT_BUNDLE_IDENTIFIER = DanielSpady.AllTrailsMapSearchDemoStoryboard;
				PRODUCT_NAME = "$(TARGET_NAME)";
				STRING_CATALOG_GENERATE_SYMBOLS = YES;
				SWIFT_APPROACHABLE_CONCURRENCY = YES;
				SWIFT_DEFAULT_ACTOR_ISOLATION = MainActor;
				SWIFT_EMIT_LOC_STRINGS = YES;
				SWIFT_UPCOMING_FEATURE_MEMBER_IMPORT_VISIBILITY = YES;
				SWIFT_VERSION = 5.0;
				TARGETED_DEVICE_FAMILY = "1,2";
			};
			name = Release;
		};
		994F6CA72EC698E50093A5B5 /* Debug */ = {
			isa = XCBuildConfiguration;
			buildSettings = {
				ALWAYS_SEARCH_USER_PATHS = NO;
				ASSETCATALOG_COMPILER_GENERATE_SWIFT_ASSET_SYMBOL_EXTENSIONS = YES;
				CLANG_ANALYZER_NONNULL = YES;
				CLANG_ANALYZER_NUMBER_OBJECT_CONVERSION = YES_AGGRESSIVE;
				CLANG_CXX_LANGUAGE_STANDARD = "gnu++20";
				CLANG_ENABLE_MODULES = YES;
				CLANG_ENABLE_OBJC_ARC = YES;
				CLANG_ENABLE_OBJC_WEAK = YES;
				CLANG_WARN_BLOCK_CAPTURE_AUTORELEASING = YES;
				CLANG_WARN_BOOL_CONVERSION = YES;
				CLANG_WARN_COMMA = YES;
				CLANG_WARN_CONSTANT_CONVERSION = YES;
				CLANG_WARN_DEPRECATED_OBJC_IMPLEMENTATIONS = YES;
				CLANG_WARN_DIRECT_OBJC_ISA_USAGE = YES_ERROR;
				CLANG_WARN_DOCUMENTATION_COMMENTS = YES;
				CLANG_WARN_EMPTY_BODY = YES;
				CLANG_WARN_ENUM_CONVERSION = YES;
				CLANG_WARN_INFINITE_RECURSION = YES;
				CLANG_WARN_INT_CONVERSION = YES;
				CLANG_WARN_NON_LITERAL_NULL_CONVERSION = YES;
				CLANG_WARN_OBJC_IMPLICIT_RETAIN_SELF = YES;
				CLANG_WARN_OBJC_LITERAL_CONVERSION = YES;
				CLANG_WARN_OBJC_ROOT_CLASS = YES_ERROR;
				CLANG_WARN_QUOTED_INCLUDE_IN_FRAMEWORK_HEADER = YES;
				CLANG_WARN_RANGE_LOOP_ANALYSIS = YES;
				CLANG_WARN_STRICT_PROTOTYPES = YES;
				CLANG_WARN_SUSPICIOUS_MOVE = YES;
				CLANG_WARN_UNGUARDED_AVAILABILITY = YES_AGGRESSIVE;
				CLANG_WARN_UNREACHABLE_CODE = YES;
				CLANG_WARN__DUPLICATE_METHOD_MATCH = YES;
				COPY_PHASE_STRIP = NO;
				DEBUG_INFORMATION_FORMAT = dwarf;
				DEVELOPMENT_TEAM = ZZ8VPJ5696;
				ENABLE_STRICT_OBJC_MSGSEND = YES;
				ENABLE_TESTABILITY = YES;
				ENABLE_USER_SCRIPT_SANDBOXING = NO;
				GCC_C_LANGUAGE_STANDARD = gnu17;
				GCC_DYNAMIC_NO_PIC = NO;
				GCC_NO_COMMON_BLOCKS = YES;
				GCC_OPTIMIZATION_LEVEL = 0;
				GCC_PREPROCESSOR_DEFINITIONS = (
					"DEBUG=1",
					"$(inherited)",
				);
				GCC_WARN_64_TO_32_BIT_CONVERSION = YES;
				GCC_WARN_ABOUT_RETURN_TYPE = YES_ERROR;
				GCC_WARN_UNDECLARED_SELECTOR = YES;
				GCC_WARN_UNINITIALIZED_AUTOS = YES_AGGRESSIVE;
				GCC_WARN_UNUSED_FUNCTION = YES;
				GCC_WARN_UNUSED_VARIABLE = YES;
				IPHONEOS_DEPLOYMENT_TARGET = 26.0;
				LOCALIZATION_PREFERS_STRING_CATALOGS = YES;
				MTL_ENABLE_DEBUG_INFO = INCLUDE_SOURCE;
				MTL_FAST_MATH = YES;
				ONLY_ACTIVE_ARCH = YES;
				SDKROOT = iphoneos;
				SWIFT_ACTIVE_COMPILATION_CONDITIONS = "DEBUG $(inherited)";
				SWIFT_OPTIMIZATION_LEVEL = "-Onone";
			};
			name = Debug;
		};
		994F6CA82EC698E50093A5B5 /* Release */ = {
			isa = XCBuildConfiguration;
			buildSettings = {
				ALWAYS_SEARCH_USER_PATHS = NO;
				ASSETCATALOG_COMPILER_GENERATE_SWIFT_ASSET_SYMBOL_EXTENSIONS = YES;
				CLANG_ANALYZER_NONNULL = YES;
				CLANG_ANALYZER_NUMBER_OBJECT_CONVERSION = YES_AGGRESSIVE;
				CLANG_CXX_LANGUAGE_STANDARD = "gnu++20";
				CLANG_ENABLE_MODULES = YES;
				CLANG_ENABLE_OBJC_ARC = YES;
				CLANG_ENABLE_OBJC_WEAK = YES;
				CLANG_WARN_BLOCK_CAPTURE_AUTORELEASING = YES;
				CLANG_WARN_BOOL_CONVERSION = YES;
				CLANG_WARN_COMMA = YES;
				CLANG_WARN_CONSTANT_CONVERSION = YES;
				CLANG_WARN_DEPRECATED_OBJC_IMPLEMENTATIONS = YES;
				CLANG_WARN_DIRECT_OBJC_ISA_USAGE = YES_ERROR;
				CLANG_WARN_DOCUMENTATION_COMMENTS = YES;
				CLANG_WARN_EMPTY_BODY = YES;
				CLANG_WARN_ENUM_CONVERSION = YES;
				CLANG_WARN_INFINITE_RECURSION = YES;
				CLANG_WARN_INT_CONVERSION = YES;
				CLANG_WARN_NON_LITERAL_NULL_CONVERSION = YES;
				CLANG_WARN_OBJC_IMPLICIT_RETAIN_SELF = YES;
				CLANG_WARN_OBJC_LITERAL_CONVERSION = YES;
				CLANG_WARN_OBJC_ROOT_CLASS = YES_ERROR;
				CLANG_WARN_QUOTED_INCLUDE_IN_FRAMEWORK_HEADER = YES;
				CLANG_WARN_RANGE_LOOP_ANALYSIS = YES;
				CLANG_WARN_STRICT_PROTOTYPES = YES;
				CLANG_WARN_SUSPICIOUS_MOVE = YES;
				CLANG_WARN_UNGUARDED_AVAILABILITY = YES_AGGRESSIVE;
				CLANG_WARN_UNREACHABLE_CODE = YES;
				CLANG_WARN__DUPLICATE_METHOD_MATCH = YES;
				COPY_PHASE_STRIP = NO;
				DEBUG_INFORMATION_FORMAT = "dwarf-with-dsym";
				DEVELOPMENT_TEAM = ZZ8VPJ5696;
				ENABLE_NS_ASSERTIONS = NO;
				ENABLE_STRICT_OBJC_MSGSEND = YES;
				ENABLE_USER_SCRIPT_SANDBOXING = NO;
				GCC_C_LANGUAGE_STANDARD = gnu17;
				GCC_NO_COMMON_BLOCKS = YES;
				GCC_WARN_64_TO_32_BIT_CONVERSION = YES;
				GCC_WARN_ABOUT_RETURN_TYPE = YES_ERROR;
				GCC_WARN_UNDECLARED_SELECTOR = YES;
				GCC_WARN_UNINITIALIZED_AUTOS = YES_AGGRESSIVE;
				GCC_WARN_UNUSED_FUNCTION = YES;
				GCC_WARN_UNUSED_VARIABLE = YES;
				IPHONEOS_DEPLOYMENT_TARGET = 26.0;
				LOCALIZATION_PREFERS_STRING_CATALOGS = YES;
				MTL_ENABLE_DEBUG_INFO = NO;
				MTL_FAST_MATH = YES;
				SDKROOT = iphoneos;
				SWIFT_COMPILATION_MODE = wholemodule;
				VALIDATE_PRODUCT = YES;
			};
			name = Release;
		};
		994F6CAA2EC698E50093A5B5 /* Debug */ = {
			isa = XCBuildConfiguration;
			baseConfigurationReference = 1E576438B0E0C447205A3E3B /* Pods-AllTrailsMapSearchDemoStoryboardTests.debug.xcconfig */;
			buildSettings = {
				BUNDLE_LOADER = "$(TEST_HOST)";
				CODE_SIGN_STYLE = Automatic;
				CURRENT_PROJECT_VERSION = 1;
				DEVELOPMENT_TEAM = ZZ8VPJ5696;
				GENERATE_INFOPLIST_FILE = YES;
				IPHONEOS_DEPLOYMENT_TARGET = 26.0;
				MARKETING_VERSION = 1.0;
				PRODUCT_BUNDLE_IDENTIFIER = DanielSpady.AllTrailsMapSearchDemoStoryboardTests;
				PRODUCT_NAME = "$(TARGET_NAME)";
				STRING_CATALOG_GENERATE_SYMBOLS = NO;
				SWIFT_APPROACHABLE_CONCURRENCY = YES;
				SWIFT_EMIT_LOC_STRINGS = NO;
				SWIFT_UPCOMING_FEATURE_MEMBER_IMPORT_VISIBILITY = YES;
				SWIFT_VERSION = 5.0;
				TARGETED_DEVICE_FAMILY = "1,2";
				TEST_HOST = "$(BUILT_PRODUCTS_DIR)/AllTrailsMapSearchDemoStoryboard.app/$(BUNDLE_EXECUTABLE_FOLDER_PATH)/AllTrailsMapSearchDemoStoryboard";
			};
			name = Debug;
		};
		994F6CAB2EC698E50093A5B5 /* Release */ = {
			isa = XCBuildConfiguration;
			baseConfigurationReference = 950719F5E7860E68190A3DF7 /* Pods-AllTrailsMapSearchDemoStoryboardTests.release.xcconfig */;
			buildSettings = {
				BUNDLE_LOADER = "$(TEST_HOST)";
				CODE_SIGN_STYLE = Automatic;
				CURRENT_PROJECT_VERSION = 1;
				DEVELOPMENT_TEAM = ZZ8VPJ5696;
				GENERATE_INFOPLIST_FILE = YES;
				IPHONEOS_DEPLOYMENT_TARGET = 26.0;
				MARKETING_VERSION = 1.0;
				PRODUCT_BUNDLE_IDENTIFIER = DanielSpady.AllTrailsMapSearchDemoStoryboardTests;
				PRODUCT_NAME = "$(TARGET_NAME)";
				STRING_CATALOG_GENERATE_SYMBOLS = NO;
				SWIFT_APPROACHABLE_CONCURRENCY = YES;
				SWIFT_EMIT_LOC_STRINGS = NO;
				SWIFT_UPCOMING_FEATURE_MEMBER_IMPORT_VISIBILITY = YES;
				SWIFT_VERSION = 5.0;
				TARGETED_DEVICE_FAMILY = "1,2";
				TEST_HOST = "$(BUILT_PRODUCTS_DIR)/AllTrailsMapSearchDemoStoryboard.app/$(BUNDLE_EXECUTABLE_FOLDER_PATH)/AllTrailsMapSearchDemoStoryboard";
			};
			name = Release;
		};
		994F6CAD2EC698E50093A5B5 /* Debug */ = {
			isa = XCBuildConfiguration;
			baseConfigurationReference = B66B15E46F551998BABFD840 /* Pods-AllTrailsMapSearchDemoStoryboard-AllTrailsMapSearchDemoStoryboardUITests.debug.xcconfig */;
			buildSettings = {
				CODE_SIGN_STYLE = Automatic;
				CURRENT_PROJECT_VERSION = 1;
				DEVELOPMENT_TEAM = ZZ8VPJ5696;
				GENERATE_INFOPLIST_FILE = YES;
				MARKETING_VERSION = 1.0;
				PRODUCT_BUNDLE_IDENTIFIER = DanielSpady.AllTrailsMapSearchDemoStoryboardUITests;
				PRODUCT_NAME = "$(TARGET_NAME)";
				STRING_CATALOG_GENERATE_SYMBOLS = NO;
				SWIFT_APPROACHABLE_CONCURRENCY = YES;
				SWIFT_EMIT_LOC_STRINGS = NO;
				SWIFT_UPCOMING_FEATURE_MEMBER_IMPORT_VISIBILITY = YES;
				SWIFT_VERSION = 5.0;
				TARGETED_DEVICE_FAMILY = "1,2";
				TEST_TARGET_NAME = AllTrailsMapSearchDemoStoryboard;
			};
			name = Debug;
		};
		994F6CAE2EC698E50093A5B5 /* Release */ = {
			isa = XCBuildConfiguration;
			baseConfigurationReference = C9FA9DA95B3E68B8F9AB4053 /* Pods-AllTrailsMapSearchDemoStoryboard-AllTrailsMapSearchDemoStoryboardUITests.release.xcconfig */;
			buildSettings = {
				CODE_SIGN_STYLE = Automatic;
				CURRENT_PROJECT_VERSION = 1;
				DEVELOPMENT_TEAM = ZZ8VPJ5696;
				GENERATE_INFOPLIST_FILE = YES;
				MARKETING_VERSION = 1.0;
				PRODUCT_BUNDLE_IDENTIFIER = DanielSpady.AllTrailsMapSearchDemoStoryboardUITests;
				PRODUCT_NAME = "$(TARGET_NAME)";
				STRING_CATALOG_GENERATE_SYMBOLS = NO;
				SWIFT_APPROACHABLE_CONCURRENCY = YES;
				SWIFT_EMIT_LOC_STRINGS = NO;
				SWIFT_UPCOMING_FEATURE_MEMBER_IMPORT_VISIBILITY = YES;
				SWIFT_VERSION = 5.0;
				TARGETED_DEVICE_FAMILY = "1,2";
				TEST_TARGET_NAME = AllTrailsMapSearchDemoStoryboard;
			};
			name = Release;
		};
/* End XCBuildConfiguration section */

/* Begin XCConfigurationList section */
		994F6C762EC698E30093A5B5 /* Build configuration list for PBXProject "AllTrailsMapSearchDemoStoryboard" */ = {
			isa = XCConfigurationList;
			buildConfigurations = (
				994F6CA72EC698E50093A5B5 /* Debug */,
				994F6CA82EC698E50093A5B5 /* Release */,
			);
			defaultConfigurationIsVisible = 0;
			defaultConfigurationName = Release;
		};
		994F6CA42EC698E50093A5B5 /* Build configuration list for PBXNativeTarget "AllTrailsMapSearchDemoStoryboard" */ = {
			isa = XCConfigurationList;
			buildConfigurations = (
				994F6CA52EC698E50093A5B5 /* Debug */,
				994F6CA62EC698E50093A5B5 /* Release */,
			);
			defaultConfigurationIsVisible = 0;
			defaultConfigurationName = Release;
		};
		994F6CA92EC698E50093A5B5 /* Build configuration list for PBXNativeTarget "AllTrailsMapSearchDemoStoryboardTests" */ = {
			isa = XCConfigurationList;
			buildConfigurations = (
				994F6CAA2EC698E50093A5B5 /* Debug */,
				994F6CAB2EC698E50093A5B5 /* Release */,
			);
			defaultConfigurationIsVisible = 0;
			defaultConfigurationName = Release;
		};
		994F6CAC2EC698E50093A5B5 /* Build configuration list for PBXNativeTarget "AllTrailsMapSearchDemoStoryboardUITests" */ = {
			isa = XCConfigurationList;
			buildConfigurations = (
				994F6CAD2EC698E50093A5B5 /* Debug */,
				994F6CAE2EC698E50093A5B5 /* Release */,
			);
			defaultConfigurationIsVisible = 0;
			defaultConfigurationName = Release;
		};
/* End XCConfigurationList section */
	};
	rootObject = 994F6C732EC698E30093A5B5 /* Project object */;
}
